
Microsoft Visual Studio Solution File, Format Version 12.00
# Visual Studio Version 17
VisualStudioVersion = 17.3.32901.215
MinimumVisualStudioVersion = 10.0.40219.1
Project("{FAE04EC0-301F-11D3-BF4B-00C04F79EFBC}") = "WinFormsApp2", "WinFormsApp2.csproj", "{48BF6162-36BA-4C3A-ABF2-22F76044F46C}"
EndProject
Global
	GlobalSection(SolutionConfigurationPlatforms) = preSolution
		Debug|Any CPU = Debug|Any CPU
		Release|Any CPU = Release|Any CPU
	EndGlobalSection
	GlobalSection(ProjectConfigurationPlatforms) = postSolution
		{48BF6162-36BA-4C3A-ABF2-22F76044F46C}.Debug|Any CPU.ActiveCfg = Debug|Any CPU
		{48BF6162-36BA-4C3A-ABF2-22F76044F46C}.Debug|Any CPU.Build.0 = Debug|Any CPU
		{48BF6162-36BA-4C3A-ABF2-22F76044F46C}.Release|Any CPU.ActiveCfg = Release|Any CPU
		{48BF6162-36BA-4C3A-ABF2-22F76044F46C}.Release|Any CPU.Build.0 = Release|Any CPU
	EndGlobalSection
	GlobalSection(SolutionProperties) = preSolution
		HideSolutionNode = FALSE
	EndGlobalSection
	GlobalSection(ExtensibilityGlobals) = postSolution
		SolutionGuid = {F7069300-3415-4A45-81C5-EDA57E29A2C0}
	EndGlobalSection
EndGlobal
